Microsoft Visual Studio Solution File, Format Version 11.00
# Visual Studio 2008

Project("{5356BF1A-0126-40DD-8D1F-3F2CD0D0F9E0}") = "ProjectFolder", "Assembly-CSharp-firstpass.csproj", "{F77ADED4-3271-1CF3-9274-0AFCF193EF7B}"
EndProject
Project("{5356BF1A-0126-40DD-8D1F-3F2CD0D0F9E0}") = "ProjectFolder", "Assembly-CSharp.csproj", "{2130BA36-12CA-4156-D717-C5306A45BB89}"
EndProject
Project("{5356BF1A-0126-40DD-8D1F-3F2CD0D0F9E0}") = "ProjectFolder", "Assembly-CSharp-Editor.csproj", "{B57BFFC4-1F42-F8BA-2D60-CF7E5BFECC2F}"
EndProject
Global
	GlobalSection(SolutionConfigurationPlatforms) = preSolution
		Debug|Any CPU = Debug|Any CPU
		Release|Any CPU = Release|Any CPU
	EndGlobalSection
	GlobalSection(ProjectConfigurationPlatforms) = postSolution
		{F77ADED4-3271-1CF3-9274-0AFCF193EF7B}.Debug|Any CPU.ActiveCfg = Debug|Any CPU
		{F77ADED4-3271-1CF3-9274-0AFCF193EF7B}.Debug|Any CPU.Build.0 = Debug|Any CPU
		{F77ADED4-3271-1CF3-9274-0AFCF193EF7B}.Release|Any CPU.ActiveCfg = Release|Any CPU
		{F77ADED4-3271-1CF3-9274-0AFCF193EF7B}.Release|Any CPU.Build.0 = Release|Any CPU
		{2130BA36-12CA-4156-D717-C5306A45BB89}.Debug|Any CPU.ActiveCfg = Debug|Any CPU
		{2130BA36-12CA-4156-D717-C5306A45BB89}.Debug|Any CPU.Build.0 = Debug|Any CPU
		{2130BA36-12CA-4156-D717-C5306A45BB89}.Release|Any CPU.ActiveCfg = Release|Any CPU
		{2130BA36-12CA-4156-D717-C5306A45BB89}.Release|Any CPU.Build.0 = Release|Any CPU
		{B57BFFC4-1F42-F8BA-2D60-CF7E5BFECC2F}.Debug|Any CPU.ActiveCfg = Debug|Any CPU
		{B57BFFC4-1F42-F8BA-2D60-CF7E5BFECC2F}.Debug|Any CPU.Build.0 = Debug|Any CPU
		{B57BFFC4-1F42-F8BA-2D60-CF7E5BFECC2F}.Release|Any CPU.ActiveCfg = Release|Any CPU
		{B57BFFC4-1F42-F8BA-2D60-CF7E5BFECC2F}.Release|Any CPU.Build.0 = Release|Any CPU
	EndGlobalSection
	GlobalSection(SolutionProperties) = preSolution
		HideSolutionNode = FALSE
	EndGlobalSection
	GlobalSection(MonoDevelopProperties) = preSolution
		StartupItem = Assembly-CSharp.csproj
	EndGlobalSection
EndGlobal
